
Microsoft Visual Studio Solution File, Format Version 12.00
# Visual Studio Version 16
VisualStudioVersion = 16.0.31205.134
MinimumVisualStudioVersion = 10.0.40219.1
Project("{FAE04EC0-301F-11D3-BF4B-00C04F79EFBC}") = "Cheney_CashFlowManager", "Cheney_CashFlowManager\Cheney_CashFlowManager.csproj", "{C30C435A-EC8C-4471-99ED-89C084CF3837}"
EndProject
Global
	GlobalSection(SolutionConfigurationPlatforms) = preSolution
		Debug|Any CPU = Debug|Any CPU
		Release|Any CPU = Release|Any CPU
	EndGlobalSection
	GlobalSection(ProjectConfigurationPlatforms) = postSolution
		{C30C435A-EC8C-4471-99ED-89C084CF3837}.Debug|Any CPU.ActiveCfg = Debug|Any CPU
		{C30C435A-EC8C-4471-99ED-89C084CF3837}.Debug|Any CPU.Build.0 = Debug|Any CPU
		{C30C435A-EC8C-4471-99ED-89C084CF3837}.Release|Any CPU.ActiveCfg = Release|Any CPU
		{C30C435A-EC8C-4471-99ED-89C084CF3837}.Release|Any CPU.Build.0 = Release|Any CPU
	EndGlobalSection
	GlobalSection(SolutionProperties) = preSolution
		HideSolutionNode = FALSE
	EndGlobalSection
	GlobalSection(ExtensibilityGlobals) = postSolution
		SolutionGuid = {64EB9608-FC5E-4739-A0C5-ACBEE99DF231}
	EndGlobalSection
EndGlobal
